
Microsoft Visual Studio Solution File, Format Version 12.00
# Visual Studio Version 17
VisualStudioVersion = 17.4.33122.133
MinimumVisualStudioVersion = 10.0.40219.1
Project("{FAE04EC0-301F-11D3-BF4B-00C04F79EFBC}") = "my-books", "my-books\my-books.csproj", "{628D234C-B04D-4C2A-A04E-12E6C13E661B}"
EndProject
Global
	GlobalSection(SolutionConfigurationPlatforms) = preSolution
		Debug|Any CPU = Debug|Any CPU
		Release|Any CPU = Release|Any CPU
	EndGlobalSection
	GlobalSection(ProjectConfigurationPlatforms) = postSolution
		{628D234C-B04D-4C2A-A04E-12E6C13E661B}.Debug|Any CPU.ActiveCfg = Debug|Any CPU
		{628D234C-B04D-4C2A-A04E-12E6C13E661B}.Debug|Any CPU.Build.0 = Debug|Any CPU
		{628D234C-B04D-4C2A-A04E-12E6C13E661B}.Release|Any CPU.ActiveCfg = Release|Any CPU
		{628D234C-B04D-4C2A-A04E-12E6C13E661B}.Release|Any CPU.Build.0 = Release|Any CPU
	EndGlobalSection
	GlobalSection(SolutionProperties) = preSolution
		HideSolutionNode = FALSE
	EndGlobalSection
	GlobalSection(ExtensibilityGlobals) = postSolution
		SolutionGuid = {F950DF8B-C9EB-4BA0-B902-F796520266D2}
	EndGlobalSection
EndGlobal
